
Microsoft Visual Studio Solution File, Format Version 12.00
# Visual Studio Version 17
VisualStudioVersion = 17.10.34916.146
MinimumVisualStudioVersion = 10.0.40219.1
Project("{9A19103F-16F7-4668-BE54-9A1E7A4F7556}") = "Encapsulation", "Encapsulation\Encapsulation.csproj", "{3E83715C-AC3E-4DCD-826E-4F61941EE940}"
EndProject
Project("{9A19103F-16F7-4668-BE54-9A1E7A4F7556}") = "Polymorphism", "Polymorphism\Polymorphism.csproj", "{1E9124AB-F0D8-4A05-A65A-AC43D601D627}"
EndProject
Project("{9A19103F-16F7-4668-BE54-9A1E7A4F7556}") = "Objects", "Objects\Objects.csproj", "{019D4098-01D8-44E1-B674-A10234424CA3}"
EndProject
Project("{9A19103F-16F7-4668-BE54-9A1E7A4F7556}") = "Inheritance", "Inheritance\Inheritance.csproj", "{AC50FF4E-0147-4092-B2BD-E62A58EA9873}"
EndProject
Project("{9A19103F-16F7-4668-BE54-9A1E7A4F7556}") = "Abstraction", "Abstraction\Abstraction.csproj", "{CE97577D-3E45-4872-B9BB-9DA4A1792CF7}"
EndProject
Project("{9A19103F-16F7-4668-BE54-9A1E7A4F7556}") = "Destructors", "Constructors\Destructors.csproj", "{DCD3D772-E448-48F7-B5C1-1747F987F64A}"
EndProject
Project("{FAE04EC0-301F-11D3-BF4B-00C04F79EFBC}") = "Overloading", "Overloading\Overloading.csproj", "{5C2119EF-BACE-4D3B-8B6E-39C89FDF4060}"
EndProject
Project("{FAE04EC0-301F-11D3-BF4B-00C04F79EFBC}") = "Properties", "Properties\Properties.csproj", "{9E0C28DF-2B63-4BFD-B5C5-F24DAAFBB571}"
EndProject
Global
	GlobalSection(SolutionConfigurationPlatforms) = preSolution
		Debug|Any CPU = Debug|Any CPU
		Release|Any CPU = Release|Any CPU
	EndGlobalSection
	GlobalSection(ProjectConfigurationPlatforms) = postSolution
		{3E83715C-AC3E-4DCD-826E-4F61941EE940}.Debug|Any CPU.ActiveCfg = Debug|Any CPU
		{3E83715C-AC3E-4DCD-826E-4F61941EE940}.Debug|Any CPU.Build.0 = Debug|Any CPU
		{3E83715C-AC3E-4DCD-826E-4F61941EE940}.Release|Any CPU.ActiveCfg = Release|Any CPU
		{3E83715C-AC3E-4DCD-826E-4F61941EE940}.Release|Any CPU.Build.0 = Release|Any CPU
		{1E9124AB-F0D8-4A05-A65A-AC43D601D627}.Debug|Any CPU.ActiveCfg = Debug|Any CPU
		{1E9124AB-F0D8-4A05-A65A-AC43D601D627}.Debug|Any CPU.Build.0 = Debug|Any CPU
		{1E9124AB-F0D8-4A05-A65A-AC43D601D627}.Release|Any CPU.ActiveCfg = Release|Any CPU
		{1E9124AB-F0D8-4A05-A65A-AC43D601D627}.Release|Any CPU.Build.0 = Release|Any CPU
		{019D4098-01D8-44E1-B674-A10234424CA3}.Debug|Any CPU.ActiveCfg = Debug|Any CPU
		{019D4098-01D8-44E1-B674-A10234424CA3}.Debug|Any CPU.Build.0 = Debug|Any CPU
		{019D4098-01D8-44E1-B674-A10234424CA3}.Release|Any CPU.ActiveCfg = Release|Any CPU
		{019D4098-01D8-44E1-B674-A10234424CA3}.Release|Any CPU.Build.0 = Release|Any CPU
		{AC50FF4E-0147-4092-B2BD-E62A58EA9873}.Debug|Any CPU.ActiveCfg = Debug|Any CPU
		{AC50FF4E-0147-4092-B2BD-E62A58EA9873}.Debug|Any CPU.Build.0 = Debug|Any CPU
		{AC50FF4E-0147-4092-B2BD-E62A58EA9873}.Release|Any CPU.ActiveCfg = Release|Any CPU
		{AC50FF4E-0147-4092-B2BD-E62A58EA9873}.Release|Any CPU.Build.0 = Release|Any CPU
		{CE97577D-3E45-4872-B9BB-9DA4A1792CF7}.Debug|Any CPU.ActiveCfg = Debug|Any CPU
		{CE97577D-3E45-4872-B9BB-9DA4A1792CF7}.Debug|Any CPU.Build.0 = Debug|Any CPU
		{CE97577D-3E45-4872-B9BB-9DA4A1792CF7}.Release|Any CPU.ActiveCfg = Release|Any CPU
		{CE97577D-3E45-4872-B9BB-9DA4A1792CF7}.Release|Any CPU.Build.0 = Release|Any CPU
		{DCD3D772-E448-48F7-B5C1-1747F987F64A}.Debug|Any CPU.ActiveCfg = Debug|Any CPU
		{DCD3D772-E448-48F7-B5C1-1747F987F64A}.Debug|Any CPU.Build.0 = Debug|Any CPU
		{DCD3D772-E448-48F7-B5C1-1747F987F64A}.Release|Any CPU.ActiveCfg = Release|Any CPU
		{DCD3D772-E448-48F7-B5C1-1747F987F64A}.Release|Any CPU.Build.0 = Release|Any CPU
		{5C2119EF-BACE-4D3B-8B6E-39C89FDF4060}.Debug|Any CPU.ActiveCfg = Debug|Any CPU
		{5C2119EF-BACE-4D3B-8B6E-39C89FDF4060}.Debug|Any CPU.Build.0 = Debug|Any CPU
		{5C2119EF-BACE-4D3B-8B6E-39C89FDF4060}.Release|Any CPU.ActiveCfg = Release|Any CPU
		{5C2119EF-BACE-4D3B-8B6E-39C89FDF4060}.Release|Any CPU.Build.0 = Release|Any CPU
		{9E0C28DF-2B63-4BFD-B5C5-F24DAAFBB571}.Debug|Any CPU.ActiveCfg = Debug|Any CPU
		{9E0C28DF-2B63-4BFD-B5C5-F24DAAFBB571}.Debug|Any CPU.Build.0 = Debug|Any CPU
		{9E0C28DF-2B63-4BFD-B5C5-F24DAAFBB571}.Release|Any CPU.ActiveCfg = Release|Any CPU
		{9E0C28DF-2B63-4BFD-B5C5-F24DAAFBB571}.Release|Any CPU.Build.0 = Release|Any CPU
	EndGlobalSection
	GlobalSection(SolutionProperties) = preSolution
		HideSolutionNode = FALSE
	EndGlobalSection
	GlobalSection(ExtensibilityGlobals) = postSolution
		SolutionGuid = {B7386027-5C88-49B5-A730-BDB3CCAA64EB}
	EndGlobalSection
EndGlobal
